// !$*UTF8*$!
{
	archiveVersion = 1;
	classes = {
	};
	objectVersion = 77;
	objects = {

/* Begin PBXBuildFile section */
		C9ACA7642F6D4DC000D048C0 /* WidgetKit.framework in Frameworks */ = {isa = PBXBuildFile; fileRef = C9ACA7632F6D4DC000D048C0 /* WidgetKit.framework */; };
		C9ACA7662F6D4DC000D048C0 /* SwiftUI.framework in Frameworks */ = {isa = PBXBuildFile; fileRef = C9ACA7652F6D4DC000D048C0 /* SwiftUI.framework */; };
		C9ACA7732F6D4DC200D048C0 /* HabitsWidgetExtension.appex in Embed Foundation Extensions */ = {isa = PBXBuildFile; fileRef = C9ACA7612F6D4DC000D048C0 /* HabitsWidgetExtension.appex */; settings = {ATTRIBUTES = (RemoveHeadersOnCopy, ); }; };
		C9EEBDF62F6DE02A00FC516B /* WidgetHabit.swift in Sources */ = {isa = PBXBuildFile; fileRef = C9EEBDF52F6DDFD000FC516B /* WidgetHabit.swift */; };
		C9EEBDF72F6DE02A00FC516B /* WidgetHabit.swift in Sources */ = {isa = PBXBuildFile; fileRef = C9EEBDF52F6DDFD000FC516B /* WidgetHabit.swift */; };
		C9EEBDF92F6DE16300FC516B /* WidgetDataStore.swift in Sources */ = {isa = PBXBuildFile; fileRef = C9EEBDF82F6DE16300FC516B /* WidgetDataStore.swift */; };
		C9EEBDFA2F6DE16300FC516B /* WidgetDataStore.swift in Sources */ = {isa = PBXBuildFile; fileRef = C9EEBDF82F6DE16300FC516B /* WidgetDataStore.swift */; };
/* End PBXBuildFile section */

/* Begin PBXContainerItemProxy section */
		C91EE40B2F4C589A00DB70AC /* PBXContainerItemProxy */ = {
			isa = PBXContainerItemProxy;
			containerPortal = C91EE3F32F4C589800DB70AC /* Project object */;
			proxyType = 1;
			remoteGlobalIDString = C91EE3FA2F4C589800DB70AC;
			remoteInfo = Habits;
		};
		C9ACA7712F6D4DC200D048C0 /* PBXContainerItemProxy */ = {
			isa = PBXContainerItemProxy;
			containerPortal = C91EE3F32F4C589800DB70AC /* Project object */;
			proxyType = 1;
			remoteGlobalIDString = C9ACA7602F6D4DC000D048C0;
			remoteInfo = HabitsWidgetExtension;
		};
/* End PBXContainerItemProxy section */

/* Begin PBXCopyFilesBuildPhase section */
		C9ACA7782F6D4DC200D048C0 /* Embed Foundation Extensions */ = {
			isa = PBXCopyFilesBuildPhase;
			buildActionMask = 2147483647;
			dstPath = "";
			dstSubfolderSpec = 13;
			files = (
				C9ACA7732F6D4DC200D048C0 /* HabitsWidgetExtension.appex in Embed Foundation Extensions */,
			);
			name = "Embed Foundation Extensions";
			runOnlyForDeploymentPostprocessing = 0;
		};
/* End PBXCopyFilesBuildPhase section */

/* Begin PBXFileReference section */
		C91EE3FB2F4C589800DB70AC /* Habits.app */ = {isa = PBXFileReference; explicitFileType = wrapper.application; includeInIndex = 0; path = Habits.app; sourceTree = BUILT_PRODUCTS_DIR; };
		C91EE40A2F4C589A00DB70AC /* HabitsTests.xctest */ = {isa = PBXFileReference; explicitFileType = wrapper.cfbundle; includeInIndex = 0; path = HabitsTests.xctest; sourceTree = BUILT_PRODUCTS_DIR; };
		C925BA6C2F62D5FD008D04D9 /* Habits.xctestplan */ = {isa = PBXFileReference; lastKnownFileType = text; path = Habits.xctestplan; sourceTree = "<group>"; };
		C9ACA7612F6D4DC000D048C0 /* HabitsWidgetExtension.appex */ = {isa = PBXFileReference; explicitFileType = "wrapper.app-extension"; includeInIndex = 0; path = HabitsWidgetExtension.appex; sourceTree = BUILT_PRODUCTS_DIR; };
		C9ACA7632F6D4DC000D048C0 /* WidgetKit.framework */ = {isa = PBXFileReference; lastKnownFileType = wrapper.framework; name = WidgetKit.framework; path = System/Library/Frameworks/WidgetKit.framework; sourceTree = SDKROOT; };
		C9ACA7652F6D4DC000D048C0 /* SwiftUI.framework */ = {isa = PBXFileReference; lastKnownFileType = wrapper.framework; name = SwiftUI.framework; path = System/Library/Frameworks/SwiftUI.framework; sourceTree = SDKROOT; };
		C9ACA77C2F6D630B00D048C0 /* HabitsWidgetExtension.entitlements */ = {isa = PBXFileReference; lastKnownFileType = text.plist.entitlements; path = HabitsWidgetExtension.entitlements; sourceTree = "<group>"; };
		C9EEBDF52F6DDFD000FC516B /* WidgetHabit.swift */ = {isa = PBXFileReference; lastKnownFileType = sourcecode.swift; path = WidgetHabit.swift; sourceTree = "<group>"; };
		C9EEBDF82F6DE16300FC516B /* WidgetDataStore.swift */ = {isa = PBXFileReference; lastKnownFileType = sourcecode.swift; path = WidgetDataStore.swift; sourceTree = "<group>"; };
/* End PBXFileReference section */

/* Begin PBXFileSystemSynchronizedBuildFileExceptionSet section */
		C9ACA7742F6D4DC200D048C0 /* Exceptions for "HabitsWidget" folder in "HabitsWidgetExtension" target */ = {
			isa = PBXFileSystemSynchronizedBuildFileExceptionSet;
			membershipExceptions = (
				Info.plist,
			);
			target = C9ACA7602F6D4DC000D048C0 /* HabitsWidgetExtension */;
		};
/* End PBXFileSystemSynchronizedBuildFileExceptionSet section */

/* Begin PBXFileSystemSynchronizedRootGroup section */
		C91EE3FD2F4C589800DB70AC /* Habits */ = {
			isa = PBXFileSystemSynchronizedRootGroup;
			path = Habits;
			sourceTree = "<group>";
		};
		C91EE40D2F4C589A00DB70AC /* HabitsTests */ = {
			isa = PBXFileSystemSynchronizedRootGroup;
			path = HabitsTests;
			sourceTree = "<group>";
		};
		C9ACA7672F6D4DC000D048C0 /* HabitsWidget */ = {
			isa = PBXFileSystemSynchronizedRootGroup;
			exceptions = (
				C9ACA7742F6D4DC200D048C0 /* Exceptions for "HabitsWidget" folder in "HabitsWidgetExtension" target */,
			);
			path = HabitsWidget;
			sourceTree = "<group>";
		};
/* End PBXFileSystemSynchronizedRootGroup section */

/* Begin PBXFrameworksBuildPhase section */
		C91EE3F82F4C589800DB70AC /* Frameworks */ = {
			isa = PBXFrameworksBuildPhase;
			buildActionMask = 2147483647;
			files = (
			);
			runOnlyForDeploymentPostprocessing = 0;
		};
		C91EE4072F4C589A00DB70AC /* Frameworks */ = {
			isa = PBXFrameworksBuildPhase;
			buildActionMask = 2147483647;
			files = (
			);
			runOnlyForDeploymentPostprocessing = 0;
		};
		C9ACA75E2F6D4DC000D048C0 /* Frameworks */ = {
			isa = PBXFrameworksBuildPhase;
			buildActionMask = 2147483647;
			files = (
				C9ACA7662F6D4DC000D048C0 /* SwiftUI.framework in Frameworks */,
				C9ACA7642F6D4DC000D048C0 /* WidgetKit.framework in Frameworks */,
			);
			runOnlyForDeploymentPostprocessing = 0;
		};
/* End PBXFrameworksBuildPhase section */

/* Begin PBXGroup section */
		C91EE3F22F4C589800DB70AC = {
			isa = PBXGroup;
			children = (
				C9ACA77C2F6D630B00D048C0 /* HabitsWidgetExtension.entitlements */,
				C925BA6C2F62D5FD008D04D9 /* Habits.xctestplan */,
				C91EE3FD2F4C589800DB70AC /* Habits */,
				C91EE40D2F4C589A00DB70AC /* HabitsTests */,
				C9ACA7672F6D4DC000D048C0 /* HabitsWidget */,
				C9ACA7622F6D4DC000D048C0 /* Frameworks */,
				C91EE3FC2F4C589800DB70AC /* Products */,
				C9EEBDF42F6DDF9600FC516B /* Shared */,
			);
			sourceTree = "<group>";
		};
		C91EE3FC2F4C589800DB70AC /* Products */ = {
			isa = PBXGroup;
			children = (
				C91EE3FB2F4C589800DB70AC /* Habits.app */,
				C91EE40A2F4C589A00DB70AC /* HabitsTests.xctest */,
				C9ACA7612F6D4DC000D048C0 /* HabitsWidgetExtension.appex */,
			);
			name = Products;
			sourceTree = "<group>";
		};
		C9ACA7622F6D4DC000D048C0 /* Frameworks */ = {
			isa = PBXGroup;
			children = (
				C9ACA7632F6D4DC000D048C0 /* WidgetKit.framework */,
				C9ACA7652F6D4DC000D048C0 /* SwiftUI.framework */,
			);
			name = Frameworks;
			sourceTree = "<group>";
		};
		C9EEBDF42F6DDF9600FC516B /* Shared */ = {
			isa = PBXGroup;
			children = (
				C9EEBDF52F6DDFD000FC516B /* WidgetHabit.swift */,
				C9EEBDF82F6DE16300FC516B /* WidgetDataStore.swift */,
			);
			path = Shared;
			sourceTree = "<group>";
		};
/* End PBXGroup section */

/* Begin PBXNativeTarget section */
		C91EE3FA2F4C589800DB70AC /* Habits */ = {
			isa = PBXNativeTarget;
			buildConfigurationList = C91EE41E2F4C589A00DB70AC /* Build configuration list for PBXNativeTarget "Habits" */;
			buildPhases = (
				C91EE3F72F4C589800DB70AC /* Sources */,
				C91EE3F82F4C589800DB70AC /* Frameworks */,
				C91EE3F92F4C589800DB70AC /* Resources */,
				C9ACA7782F6D4DC200D048C0 /* Embed Foundation Extensions */,
			);
			buildRules = (
			);
			dependencies = (
				C9ACA7722F6D4DC200D048C0 /* PBXTargetDependency */,
			);
			fileSystemSynchronizedGroups = (
				C91EE3FD2F4C589800DB70AC /* Habits */,
			);
			name = Habits;
			packageProductDependencies = (
			);
			productName = Habits;
			productReference = C91EE3FB2F4C589800DB70AC /* Habits.app */;
			productType = "com.apple.product-type.application";
		};
		C91EE4092F4C589A00DB70AC /* HabitsTests */ = {
			isa = PBXNativeTarget;
			buildConfigurationList = C91EE4212F4C589A00DB70AC /* Build configuration list for PBXNativeTarget "HabitsTests" */;
			buildPhases = (
				C91EE4062F4C589A00DB70AC /* Sources */,
				C91EE4072F4C589A00DB70AC /* Frameworks */,
				C91EE4082F4C589A00DB70AC /* Resources */,
			);
			buildRules = (
			);
			dependencies = (
				C91EE40C2F4C589A00DB70AC /* PBXTargetDependency */,
			);
			fileSystemSynchronizedGroups = (
				C91EE40D2F4C589A00DB70AC /* HabitsTests */,
			);
			name = HabitsTests;
			packageProductDependencies = (
			);
			productName = HabitsTests;
			productReference = C91EE40A2F4C589A00DB70AC /* HabitsTests.xctest */;
			productType = "com.apple.product-type.bundle.unit-test";
		};
		C9ACA7602F6D4DC000D048C0 /* HabitsWidgetExtension */ = {
			isa = PBXNativeTarget;
			buildConfigurationList = C9ACA7752F6D4DC200D048C0 /* Build configuration list for PBXNativeTarget "HabitsWidgetExtension" */;
			buildPhases = (
				C9ACA75D2F6D4DC000D048C0 /* Sources */,
				C9ACA75E2F6D4DC000D048C0 /* Frameworks */,
				C9ACA75F2F6D4DC000D048C0 /* Resources */,
			);
			buildRules = (
			);
			dependencies = (
			);
			fileSystemSynchronizedGroups = (
				C9ACA7672F6D4DC000D048C0 /* HabitsWidget */,
			);
			name = HabitsWidgetExtension;
			packageProductDependencies = (
			);
			productName = HabitsWidgetExtension;
			productReference = C9ACA7612F6D4DC000D048C0 /* HabitsWidgetExtension.appex */;
			productType = "com.apple.product-type.app-extension";
		};
/* End PBXNativeTarget section */

/* Begin PBXProject section */
		C91EE3F32F4C589800DB70AC /* Project object */ = {
			isa = PBXProject;
			attributes = {
				BuildIndependentTargetsInParallel = 1;
				LastSwiftUpdateCheck = 2630;
				LastUpgradeCheck = 2630;
				TargetAttributes = {
					C91EE3FA2F4C589800DB70AC = {
						CreatedOnToolsVersion = 26.3;
					};
					C91EE4092F4C589A00DB70AC = {
						CreatedOnToolsVersion = 26.3;
						TestTargetID = C91EE3FA2F4C589800DB70AC;
					};
					C9ACA7602F6D4DC000D048C0 = {
						CreatedOnToolsVersion = 26.3;
					};
				};
			};
			buildConfigurationList = C91EE3F62F4C589800DB70AC /* Build configuration list for PBXProject "Habits" */;
			developmentRegion = en;
			hasScannedForEncodings = 0;
			knownRegions = (
				en,
				Base,
			);
			mainGroup = C91EE3F22F4C589800DB70AC;
			minimizedProjectReferenceProxies = 1;
			preferredProjectObjectVersion = 77;
			productRefGroup = C91EE3FC2F4C589800DB70AC /* Products */;
			projectDirPath = "";
			projectRoot = "";
			targets = (
				C91EE3FA2F4C589800DB70AC /* Habits */,
				C91EE4092F4C589A00DB70AC /* HabitsTests */,
				C9ACA7602F6D4DC000D048C0 /* HabitsWidgetExtension */,
			);
		};
/* End PBXProject section */

/* Begin PBXResourcesBuildPhase section */
		C91EE3F92F4C589800DB70AC /* Resources */ = {
			isa = PBXResourcesBuildPhase;
			buildActionMask = 2147483647;
			files = (
			);
			runOnlyForDeploymentPostprocessing = 0;
		};
		C91EE4082F4C589A00DB70AC /* Resources */ = {
			isa = PBXResourcesBuildPhase;
			buildActionMask = 2147483647;
			files = (
			);
			runOnlyForDeploymentPostprocessing = 0;
		};
		C9ACA75F2F6D4DC000D048C0 /* Resources */ = {
			isa = PBXResourcesBuildPhase;
			buildActionMask = 2147483647;
			files = (
			);
			runOnlyForDeploymentPostprocessing = 0;
		};
/* End PBXResourcesBuildPhase section */

/* Begin PBXSourcesBuildPhase section */
		C91EE3F72F4C589800DB70AC /* Sources */ = {
			isa = PBXSourcesBuildPhase;
			buildActionMask = 2147483647;
			files = (
				C9EEBDF62F6DE02A00FC516B /* WidgetHabit.swift in Sources */,
				C9EEBDF92F6DE16300FC516B /* WidgetDataStore.swift in Sources */,
			);
			runOnlyForDeploymentPostprocessing = 0;
		};
		C91EE4062F4C589A00DB70AC /* Sources */ = {
			isa = PBXSourcesBuildPhase;
			buildActionMask = 2147483647;
			files = (
			);
			runOnlyForDeploymentPostprocessing = 0;
		};
		C9ACA75D2F6D4DC000D048C0 /* Sources */ = {
			isa = PBXSourcesBuildPhase;
			buildActionMask = 2147483647;
			files = (
				C9EEBDF72F6DE02A00FC516B /* WidgetHabit.swift in Sources */,
				C9EEBDFA2F6DE16300FC516B /* WidgetDataStore.swift in Sources */,
			);
			runOnlyForDeploymentPostprocessing = 0;
		};
/* End PBXSourcesBuildPhase section */

/* Begin PBXTargetDependency section */
		C91EE40C2F4C589A00DB70AC /* PBXTargetDependency */ = {
			isa = PBXTargetDependency;
			target = C91EE3FA2F4C589800DB70AC /* Habits */;
			targetProxy = C91EE40B2F4C589A00DB70AC /* PBXContainerItemProxy */;
		};
		C9ACA7722F6D4DC200D048C0 /* PBXTargetDependency */ = {
			isa = PBXTargetDependency;
			target = C9ACA7602F6D4DC000D048C0 /* HabitsWidgetExtension */;
			targetProxy = C9ACA7712F6D4DC200D048C0 /* PBXContainerItemProxy */;
		};
/* End PBXTargetDependency section */

/* Begin XCBuildConfiguration section */
		C91EE41C2F4C589A00DB70AC /* Debug */ = {
			isa = XCBuildConfiguration;
			buildSettings = {
				ALWAYS_SEARCH_USER_PATHS = NO;
				ASSETCATALOG_COMPILER_GENERATE_SWIFT_ASSET_SYMBOL_EXTENSIONS = YES;
				CLANG_ANALYZER_NONNULL = YES;
				CLANG_ANALYZER_NUMBER_OBJECT_CONVERSION = YES_AGGRESSIVE;
				CLANG_CXX_LANGUAGE_STANDARD = "gnu++20";
				CLANG_ENABLE_MODULES = YES;
				CLANG_ENABLE_OBJC_ARC = YES;
				CLANG_ENABLE_OBJC_WEAK = YES;
				CLANG_WARN_BLOCK_CAPTURE_AUTORELEASING = YES;
				CLANG_WARN_BOOL_CONVERSION = YES;
				CLANG_WARN_COMMA = YES;
				CLANG_WARN_CONSTANT_CONVERSION = YES;
				CLANG_WARN_DEPRECATED_OBJC_IMPLEMENTATIONS = YES;
				CLANG_WARN_DIRECT_OBJC_ISA_USAGE = YES_ERROR;
				CLANG_WARN_DOCUMENTATION_COMMENTS = YES;
				CLANG_WARN_EMPTY_BODY = YES;
				CLANG_WARN_ENUM_CONVERSION = YES;
				CLANG_WARN_INFINITE_RECURSION = YES;
				CLANG_WARN_INT_CONVERSION = YES;
				CLANG_WARN_NON_LITERAL_NULL_CONVERSION = YES;
				CLANG_WARN_OBJC_IMPLICIT_RETAIN_SELF = YES;
				CLANG_WARN_OBJC_LITERAL_CONVERSION = YES;
				CLANG_WARN_OBJC_ROOT_CLASS = YES_ERROR;
				CLANG_WARN_QUOTED_INCLUDE_IN_FRAMEWORK_HEADER = YES;
				CLANG_WARN_RANGE_LOOP_ANALYSIS = YES;
				CLANG_WARN_STRICT_PROTOTYPES = YES;
				CLANG_WARN_SUSPICIOUS_MOVE = YES;
				CLANG_WARN_UNGUARDED_AVAILABILITY = YES_AGGRESSIVE;
				CLANG_WARN_UNREACHABLE_CODE = YES;
				CLANG_WARN__DUPLICATE_METHOD_MATCH = YES;
				COPY_PHASE_STRIP = NO;
				DEBUG_INFORMATION_FORMAT = dwarf;
				ENABLE_STRICT_OBJC_MSGSEND = YES;
				ENABLE_TESTABILITY = YES;
				ENABLE_USER_SCRIPT_SANDBOXING = YES;
				GCC_C_LANGUAGE_STANDARD = gnu17;
				GCC_DYNAMIC_NO_PIC = NO;
				GCC_NO_COMMON_BLOCKS = YES;
				GCC_OPTIMIZATION_LEVEL = 0;
				GCC_PREPROCESSOR_DEFINITIONS = (
					"DEBUG=1",
					"$(inherited)",
				);
				GCC_WARN_64_TO_32_BIT_CONVERSION = YES;
				GCC_WARN_ABOUT_RETURN_TYPE = YES_ERROR;
				GCC_WARN_UNDECLARED_SELECTOR = YES;
				GCC_WARN_UNINITIALIZED_AUTOS = YES_AGGRESSIVE;
				GCC_WARN_UNUSED_FUNCTION = YES;
				GCC_WARN_UNUSED_VARIABLE = YES;
				IPHONEOS_DEPLOYMENT_TARGET = 26.2;
				LOCALIZATION_PREFERS_STRING_CATALOGS = YES;
				MTL_ENABLE_DEBUG_INFO = INCLUDE_SOURCE;
				MTL_FAST_MATH = YES;
				ONLY_ACTIVE_ARCH = YES;
				SDKROOT = iphoneos;
				SWIFT_ACTIVE_COMPILATION_CONDITIONS = "DEBUG $(inherited)";
				SWIFT_OPTIMIZATION_LEVEL = "-Onone";
			};
			name = Debug;
		};
		C91EE41D2F4C589A00DB70AC /* Release */ = {
			isa = XCBuildConfiguration;
			buildSettings = {
				ALWAYS_SEARCH_USER_PATHS = NO;
				ASSETCATALOG_COMPILER_GENERATE_SWIFT_ASSET_SYMBOL_EXTENSIONS = YES;
				CLANG_ANALYZER_NONNULL = YES;
				CLANG_ANALYZER_NUMBER_OBJECT_CONVERSION = YES_AGGRESSIVE;
				CLANG_CXX_LANGUAGE_STANDARD = "gnu++20";
				CLANG_ENABLE_MODULES = YES;
				CLANG_ENABLE_OBJC_ARC = YES;
				CLANG_ENABLE_OBJC_WEAK = YES;
				CLANG_WARN_BLOCK_CAPTURE_AUTORELEASING = YES;
				CLANG_WARN_BOOL_CONVERSION = YES;
				CLANG_WARN_COMMA = YES;
				CLANG_WARN_CONSTANT_CONVERSION = YES;
				CLANG_WARN_DEPRECATED_OBJC_IMPLEMENTATIONS = YES;
				CLANG_WARN_DIRECT_OBJC_ISA_USAGE = YES_ERROR;
				CLANG_WARN_DOCUMENTATION_COMMENTS = YES;
				CLANG_WARN_EMPTY_BODY = YES;
				CLANG_WARN_ENUM_CONVERSION = YES;
				CLANG_WARN_INFINITE_RECURSION = YES;
				CLANG_WARN_INT_CONVERSION = YES;
				CLANG_WARN_NON_LITERAL_NULL_CONVERSION = YES;
				CLANG_WARN_OBJC_IMPLICIT_RETAIN_SELF = YES;
				CLANG_WARN_OBJC_LITERAL_CONVERSION = YES;
				CLANG_WARN_OBJC_ROOT_CLASS = YES_ERROR;
				CLANG_WARN_QUOTED_INCLUDE_IN_FRAMEWORK_HEADER = YES;
				CLANG_WARN_RANGE_LOOP_ANALYSIS = YES;
				CLANG_WARN_STRICT_PROTOTYPES = YES;
				CLANG_WARN_SUSPICIOUS_MOVE = YES;
				CLANG_WARN_UNGUARDED_AVAILABILITY = YES_AGGRESSIVE;
				CLANG_WARN_UNREACHABLE_CODE = YES;
				CLANG_WARN__DUPLICATE_METHOD_MATCH = YES;
				COPY_PHASE_STRIP = NO;
				DEBUG_INFORMATION_FORMAT = "dwarf-with-dsym";
				ENABLE_NS_ASSERTIONS = NO;
				ENABLE_STRICT_OBJC_MSGSEND = YES;
				ENABLE_USER_SCRIPT_SANDBOXING = YES;
				GCC_C_LANGUAGE_STANDARD = gnu17;
				GCC_NO_COMMON_BLOCKS = YES;
				GCC_WARN_64_TO_32_BIT_CONVERSION = YES;
				GCC_WARN_ABOUT_RETURN_TYPE = YES_ERROR;
				GCC_WARN_UNDECLARED_SELECTOR = YES;
				GCC_WARN_UNINITIALIZED_AUTOS = YES_AGGRESSIVE;
				GCC_WARN_UNUSED_FUNCTION = YES;
				GCC_WARN_UNUSED_VARIABLE = YES;
				IPHONEOS_DEPLOYMENT_TARGET = 26.2;
				LOCALIZATION_PREFERS_STRING_CATALOGS = YES;
				MTL_ENABLE_DEBUG_INFO = NO;
				MTL_FAST_MATH = YES;
				SDKROOT = iphoneos;
				SWIFT_COMPILATION_MODE = wholemodule;
				VALIDATE_PRODUCT = YES;
			};
			name = Release;
		};
		C91EE41F2F4C589A00DB70AC /* Debug */ = {
			isa = XCBuildConfiguration;
			buildSettings = {
				ASSETCATALOG_COMPILER_APPICON_NAME = AppIcon;
				ASSETCATALOG_COMPILER_GLOBAL_ACCENT_COLOR_NAME = AccentColor;
				CODE_SIGN_ENTITLEMENTS = Habits/Habits.entitlements;
				CODE_SIGN_IDENTITY = "Apple Development";
				CODE_SIGN_STYLE = Automatic;
				CURRENT_PROJECT_VERSION = 1;
				DEVELOPMENT_TEAM = Z2K6ZECPMC;
				ENABLE_PREVIEWS = YES;
				GENERATE_INFOPLIST_FILE = YES;
				INFOPLIST_KEY_CFBundleDisplayName = Cadence;
				INFOPLIST_KEY_CFBundleURLTypes_0_CFBundleTypeRole = Editor;
				INFOPLIST_KEY_CFBundleURLTypes_0_CFBundleURLName = ma.cadence;
				INFOPLIST_KEY_CFBundleURLTypes_0_CFBundleURLSchemes_0 = habits;
				INFOPLIST_KEY_LSApplicationCategoryType = "public.app-category.productivity";
				INFOPLIST_KEY_UIApplicationSceneManifest_Generation = YES;
				INFOPLIST_KEY_UIApplicationSupportsIndirectInputEvents = YES;
				INFOPLIST_KEY_UILaunchStoryboardName = CadenceLaunchScreen;
				INFOPLIST_KEY_UISupportedInterfaceOrientations = UIInterfaceOrientationPortrait;
				INFOPLIST_KEY_UISupportedInterfaceOrientations_iPad = "UIInterfaceOrientationLandscapeLeft UIInterfaceOrientationLandscapeRight UIInterfaceOrientationPortrait UIInterfaceOrientationPortraitUpsideDown";
				LD_RUNPATH_SEARCH_PATHS = (
					"$(inherited)",
					"@executable_path/Frameworks",
				);
				MARKETING_VERSION = 1.0;
				PRODUCT_BUNDLE_IDENTIFIER = ma.cadence;
				PRODUCT_NAME = "$(TARGET_NAME)";
				PROVISIONING_PROFILE_SPECIFIER = "";
				STRING_CATALOG_GENERATE_SYMBOLS = YES;
				SUPPORTED_PLATFORMS = "iphoneos iphonesimulator";
				SUPPORTS_MACCATALYST = NO;
				SUPPORTS_MAC_DESIGNED_FOR_IPHONE_IPAD = NO;
				SUPPORTS_XR_DESIGNED_FOR_IPHONE_IPAD = NO;
				SWIFT_APPROACHABLE_CONCURRENCY = YES;
				SWIFT_DEFAULT_ACTOR_ISOLATION = MainActor;
				SWIFT_EMIT_LOC_STRINGS = YES;
				SWIFT_UPCOMING_FEATURE_MEMBER_IMPORT_VISIBILITY = YES;
				SWIFT_VERSION = 5.0;
				TARGETED_DEVICE_FAMILY = "1,2";
			};
			name = Debug;
		};
		C91EE4202F4C589A00DB70AC /* Release */ = {
			isa = XCBuildConfiguration;
			buildSettings = {
				ASSETCATALOG_COMPILER_APPICON_NAME = AppIcon;
				ASSETCATALOG_COMPILER_GLOBAL_ACCENT_COLOR_NAME = AccentColor;
				CODE_SIGN_ENTITLEMENTS = Habits/Habits.entitlements;
				CODE_SIGN_IDENTITY = "Apple Development";
				CODE_SIGN_STYLE = Automatic;
				CURRENT_PROJECT_VERSION = 1;
				DEVELOPMENT_TEAM = Z2K6ZECPMC;
				ENABLE_PREVIEWS = YES;
				GENERATE_INFOPLIST_FILE = YES;
				INFOPLIST_KEY_CFBundleDisplayName = Cadence;
				INFOPLIST_KEY_CFBundleURLTypes_0_CFBundleTypeRole = Editor;
				INFOPLIST_KEY_CFBundleURLTypes_0_CFBundleURLName = ma.cadence;
				INFOPLIST_KEY_CFBundleURLTypes_0_CFBundleURLSchemes_0 = habits;
				INFOPLIST_KEY_LSApplicationCategoryType = "public.app-category.productivity";
				INFOPLIST_KEY_UIApplicationSceneManifest_Generation = YES;
				INFOPLIST_KEY_UIApplicationSupportsIndirectInputEvents = YES;
				INFOPLIST_KEY_UILaunchStoryboardName = CadenceLaunchScreen;
				INFOPLIST_KEY_UISupportedInterfaceOrientations = UIInterfaceOrientationPortrait;
				INFOPLIST_KEY_UISupportedInterfaceOrientations_iPad = "UIInterfaceOrientationLandscapeLeft UIInterfaceOrientationLandscapeRight UIInterfaceOrientationPortrait UIInterfaceOrientationPortraitUpsideDown";
				LD_RUNPATH_SEARCH_PATHS = (
					"$(inherited)",
					"@executable_path/Frameworks",
				);
				MARKETING_VERSION = 1.0;
				PRODUCT_BUNDLE_IDENTIFIER = ma.cadence;
				PRODUCT_NAME = "$(TARGET_NAME)";
				PROVISIONING_PROFILE_SPECIFIER = "";
				STRING_CATALOG_GENERATE_SYMBOLS = YES;
				SUPPORTED_PLATFORMS = "iphoneos iphonesimulator";
				SUPPORTS_MACCATALYST = NO;
				SUPPORTS_MAC_DESIGNED_FOR_IPHONE_IPAD = NO;
				SUPPORTS_XR_DESIGNED_FOR_IPHONE_IPAD = NO;
				SWIFT_APPROACHABLE_CONCURRENCY = YES;
				SWIFT_DEFAULT_ACTOR_ISOLATION = MainActor;
				SWIFT_EMIT_LOC_STRINGS = YES;
				SWIFT_UPCOMING_FEATURE_MEMBER_IMPORT_VISIBILITY = YES;
				SWIFT_VERSION = 5.0;
				TARGETED_DEVICE_FAMILY = "1,2";
			};
			name = Release;
		};
		C91EE4222F4C589A00DB70AC /* Debug */ = {
			isa = XCBuildConfiguration;
			buildSettings = {
				BUNDLE_LOADER = "$(TEST_HOST)";
				CODE_SIGN_STYLE = Automatic;
				CURRENT_PROJECT_VERSION = 1;
				DEVELOPMENT_TEAM = Z2K6ZECPMC;
				GENERATE_INFOPLIST_FILE = YES;
				IPHONEOS_DEPLOYMENT_TARGET = 26.2;
				MARKETING_VERSION = 1.0;
				PRODUCT_BUNDLE_IDENTIFIER = ma.HabitsTests;
				PRODUCT_NAME = "$(TARGET_NAME)";
				STRING_CATALOG_GENERATE_SYMBOLS = NO;
				SUPPORTED_PLATFORMS = "iphoneos iphonesimulator";
				SUPPORTS_MACCATALYST = NO;
				SUPPORTS_MAC_DESIGNED_FOR_IPHONE_IPAD = NO;
				SUPPORTS_XR_DESIGNED_FOR_IPHONE_IPAD = NO;
				SWIFT_APPROACHABLE_CONCURRENCY = YES;
				SWIFT_EMIT_LOC_STRINGS = NO;
				SWIFT_UPCOMING_FEATURE_MEMBER_IMPORT_VISIBILITY = YES;
				SWIFT_VERSION = 5.0;
				TARGETED_DEVICE_FAMILY = "1,2";
				TEST_HOST = "$(BUILT_PRODUCTS_DIR)/Habits.app/$(BUNDLE_EXECUTABLE_FOLDER_PATH)/Habits";
			};
			name = Debug;
		};
		C91EE4232F4C589A00DB70AC /* Release */ = {
			isa = XCBuildConfiguration;
			buildSettings = {
				BUNDLE_LOADER = "$(TEST_HOST)";
				CODE_SIGN_STYLE = Automatic;
				CURRENT_PROJECT_VERSION = 1;
				DEVELOPMENT_TEAM = Z2K6ZECPMC;
				GENERATE_INFOPLIST_FILE = YES;
				IPHONEOS_DEPLOYMENT_TARGET = 26.2;
				MARKETING_VERSION = 1.0;
				PRODUCT_BUNDLE_IDENTIFIER = ma.HabitsTests;
				PRODUCT_NAME = "$(TARGET_NAME)";
				STRING_CATALOG_GENERATE_SYMBOLS = NO;
				SUPPORTED_PLATFORMS = "iphoneos iphonesimulator";
				SUPPORTS_MACCATALYST = NO;
				SUPPORTS_MAC_DESIGNED_FOR_IPHONE_IPAD = NO;
				SUPPORTS_XR_DESIGNED_FOR_IPHONE_IPAD = NO;
				SWIFT_APPROACHABLE_CONCURRENCY = YES;
				SWIFT_EMIT_LOC_STRINGS = NO;
				SWIFT_UPCOMING_FEATURE_MEMBER_IMPORT_VISIBILITY = YES;
				SWIFT_VERSION = 5.0;
				TARGETED_DEVICE_FAMILY = "1,2";
				TEST_HOST = "$(BUILT_PRODUCTS_DIR)/Habits.app/$(BUNDLE_EXECUTABLE_FOLDER_PATH)/Habits";
			};
			name = Release;
		};
		C9ACA7762F6D4DC200D048C0 /* Debug */ = {
			isa = XCBuildConfiguration;
			buildSettings = {
				ASSETCATALOG_COMPILER_GLOBAL_ACCENT_COLOR_NAME = AccentColor;
				ASSETCATALOG_COMPILER_WIDGET_BACKGROUND_COLOR_NAME = WidgetBackground;
				CODE_SIGN_ENTITLEMENTS = HabitsWidgetExtension.entitlements;
				CODE_SIGN_STYLE = Automatic;
				CURRENT_PROJECT_VERSION = 1;
				DEVELOPMENT_TEAM = Z2K6ZECPMC;
				GENERATE_INFOPLIST_FILE = YES;
				INFOPLIST_FILE = HabitsWidget/Info.plist;
				INFOPLIST_KEY_CFBundleDisplayName = Cadence;
				INFOPLIST_KEY_NSHumanReadableCopyright = "";
				LD_RUNPATH_SEARCH_PATHS = (
					"$(inherited)",
					"@executable_path/Frameworks",
					"@executable_path/../../Frameworks",
				);
				MARKETING_VERSION = 1.0;
				PRODUCT_BUNDLE_IDENTIFIER = ma.cadence.widgets;
				PRODUCT_NAME = "$(TARGET_NAME)";
				SKIP_INSTALL = YES;
				STRING_CATALOG_GENERATE_SYMBOLS = YES;
				SWIFT_APPROACHABLE_CONCURRENCY = YES;
				SWIFT_EMIT_LOC_STRINGS = YES;
				SWIFT_UPCOMING_FEATURE_MEMBER_IMPORT_VISIBILITY = YES;
				SWIFT_VERSION = 5.0;
				TARGETED_DEVICE_FAMILY = "1,2";
			};
			name = Debug;
		};
		C9ACA7772F6D4DC200D048C0 /* Release */ = {
			isa = XCBuildConfiguration;
			buildSettings = {
				ASSETCATALOG_COMPILER_GLOBAL_ACCENT_COLOR_NAME = AccentColor;
				ASSETCATALOG_COMPILER_WIDGET_BACKGROUND_COLOR_NAME = WidgetBackground;
				CODE_SIGN_ENTITLEMENTS = HabitsWidgetExtension.entitlements;
				CODE_SIGN_STYLE = Automatic;
				CURRENT_PROJECT_VERSION = 1;
				DEVELOPMENT_TEAM = Z2K6ZECPMC;
				GENERATE_INFOPLIST_FILE = YES;
				INFOPLIST_FILE = HabitsWidget/Info.plist;
				INFOPLIST_KEY_CFBundleDisplayName = Cadence;
				INFOPLIST_KEY_NSHumanReadableCopyright = "";
				LD_RUNPATH_SEARCH_PATHS = (
					"$(inherited)",
					"@executable_path/Frameworks",
					"@executable_path/../../Frameworks",
				);
				MARKETING_VERSION = 1.0;
				PRODUCT_BUNDLE_IDENTIFIER = ma.cadence.widgets;
				PRODUCT_NAME = "$(TARGET_NAME)";
				SKIP_INSTALL = YES;
				STRING_CATALOG_GENERATE_SYMBOLS = YES;
				SWIFT_APPROACHABLE_CONCURRENCY = YES;
				SWIFT_EMIT_LOC_STRINGS = YES;
				SWIFT_UPCOMING_FEATURE_MEMBER_IMPORT_VISIBILITY = YES;
				SWIFT_VERSION = 5.0;
				TARGETED_DEVICE_FAMILY = "1,2";
			};
			name = Release;
		};
/* End XCBuildConfiguration section */

/* Begin XCConfigurationList section */
		C91EE3F62F4C589800DB70AC /* Build configuration list for PBXProject "Habits" */ = {
			isa = XCConfigurationList;
			buildConfigurations = (
				C91EE41C2F4C589A00DB70AC /* Debug */,
				C91EE41D2F4C589A00DB70AC /* Release */,
			);
			defaultConfigurationIsVisible = 0;
			defaultConfigurationName = Release;
		};
		C91EE41E2F4C589A00DB70AC /* Build configuration list for PBXNativeTarget "Habits" */ = {
			isa = XCConfigurationList;
			buildConfigurations = (
				C91EE41F2F4C589A00DB70AC /* Debug */,
				C91EE4202F4C589A00DB70AC /* Release */,
			);
			defaultConfigurationIsVisible = 0;
			defaultConfigurationName = Release;
		};
		C91EE4212F4C589A00DB70AC /* Build configuration list for PBXNativeTarget "HabitsTests" */ = {
			isa = XCConfigurationList;
			buildConfigurations = (
				C91EE4222F4C589A00DB70AC /* Debug */,
				C91EE4232F4C589A00DB70AC /* Release */,
			);
			defaultConfigurationIsVisible = 0;
			defaultConfigurationName = Release;
		};
		C9ACA7752F6D4DC200D048C0 /* Build configuration list for PBXNativeTarget "HabitsWidgetExtension" */ = {
			isa = XCConfigurationList;
			buildConfigurations = (
				C9ACA7762F6D4DC200D048C0 /* Debug */,
				C9ACA7772F6D4DC200D048C0 /* Release */,
			);
			defaultConfigurationIsVisible = 0;
			defaultConfigurationName = Release;
		};
/* End XCConfigurationList section */
	};
	rootObject = C91EE3F32F4C589800DB70AC /* Project object */;
}
